
Microsoft Visual Studio Solution File, Format Version 12.00
# Visual Studio Version 16
VisualStudioVersion = 16.0.31424.327
MinimumVisualStudioVersion = 10.0.40219.1
Project("{FAE04EC0-301F-11D3-BF4B-00C04F79EFBC}") = "Hello_Xamarin.UWP", "Hello_Xamarin\Hello_Xamarin.UWP\Hello_Xamarin.UWP.csproj", "{B8614806-993D-4E2A-8BC9-3B1FBA361F16}"
EndProject
Project("{FAE04EC0-301F-11D3-BF4B-00C04F79EFBC}") = "Hello_Xamarin.Android", "Hello_Xamarin\Hello_Xamarin.Android\Hello_Xamarin.Android.csproj", "{A76F6AB3-4494-4DAB-8006-1391CF41C93F}"
EndProject
Project("{FAE04EC0-301F-11D3-BF4B-00C04F79EFBC}") = "Hello_Xamarin.iOS", "Hello_Xamarin\Hello_Xamarin.iOS\Hello_Xamarin.iOS.csproj", "{8F8FD9D5-4CFE-4C0D-BFA5-2F5BEE5235DF}"
EndProject
Project("{FAE04EC0-301F-11D3-BF4B-00C04F79EFBC}") = "Hello_Xamarin", "Hello_Xamarin\Hello_Xamarin\Hello_Xamarin.csproj", "{CA45E19C-BE29-44CD-95C3-48EACDEC3056}"
EndProject
Global
	GlobalSection(SolutionConfigurationPlatforms) = preSolution
		Debug|Any CPU = Debug|Any CPU
		Debug|ARM = Debug|ARM
		Debug|iPhone = Debug|iPhone
		Debug|iPhoneSimulator = Debug|iPhoneSimulator
		Debug|x64 = Debug|x64
		Debug|x86 = Debug|x86
		Release|Any CPU = Release|Any CPU
		Release|ARM = Release|ARM
		Release|iPhone = Release|iPhone
		Release|iPhoneSimulator = Release|iPhoneSimulator
		Release|x64 = Release|x64
		Release|x86 = Release|x86
	EndGlobalSection
	GlobalSection(ProjectConfigurationPlatforms) = postSolution
		{B8614806-993D-4E2A-8BC9-3B1FBA361F16}.Debug|Any CPU.ActiveCfg = Debug|x86
		{B8614806-993D-4E2A-8BC9-3B1FBA361F16}.Debug|Any CPU.Build.0 = Debug|x86
		{B8614806-993D-4E2A-8BC9-3B1FBA361F16}.Debug|Any CPU.Deploy.0 = Debug|x86
		{B8614806-993D-4E2A-8BC9-3B1FBA361F16}.Debug|ARM.ActiveCfg = Debug|ARM
		{B8614806-993D-4E2A-8BC9-3B1FBA361F16}.Debug|ARM.Build.0 = Debug|ARM
		{B8614806-993D-4E2A-8BC9-3B1FBA361F16}.Debug|ARM.Deploy.0 = Debug|ARM
		{B8614806-993D-4E2A-8BC9-3B1FBA361F16}.Debug|iPhone.ActiveCfg = Debug|x86
		{B8614806-993D-4E2A-8BC9-3B1FBA361F16}.Debug|iPhone.Build.0 = Debug|x86
		{B8614806-993D-4E2A-8BC9-3B1FBA361F16}.Debug|iPhone.Deploy.0 = Debug|x86
		{B8614806-993D-4E2A-8BC9-3B1FBA361F16}.Debug|iPhoneSimulator.ActiveCfg = Debug|x86
		{B8614806-993D-4E2A-8BC9-3B1FBA361F16}.Debug|iPhoneSimulator.Build.0 = Debug|x86
		{B8614806-993D-4E2A-8BC9-3B1FBA361F16}.Debug|iPhoneSimulator.Deploy.0 = Debug|x86
		{B8614806-993D-4E2A-8BC9-3B1FBA361F16}.Debug|x64.ActiveCfg = Debug|x64
		{B8614806-993D-4E2A-8BC9-3B1FBA361F16}.Debug|x64.Build.0 = Debug|x64
		{B8614806-993D-4E2A-8BC9-3B1FBA361F16}.Debug|x64.Deploy.0 = Debug|x64
		{B8614806-993D-4E2A-8BC9-3B1FBA361F16}.Debug|x86.ActiveCfg = Debug|x86
		{B8614806-993D-4E2A-8BC9-3B1FBA361F16}.Debug|x86.Build.0 = Debug|x86
		{B8614806-993D-4E2A-8BC9-3B1FBA361F16}.Debug|x86.Deploy.0 = Debug|x86
		{B8614806-993D-4E2A-8BC9-3B1FBA361F16}.Release|Any CPU.ActiveCfg = Release|x86
		{B8614806-993D-4E2A-8BC9-3B1FBA361F16}.Release|Any CPU.Build.0 = Release|x86
		{B8614806-993D-4E2A-8BC9-3B1FBA361F16}.Release|Any CPU.Deploy.0 = Release|x86
		{B8614806-993D-4E2A-8BC9-3B1FBA361F16}.Release|ARM.ActiveCfg = Release|ARM
		{B8614806-993D-4E2A-8BC9-3B1FBA361F16}.Release|ARM.Build.0 = Release|ARM
		{B8614806-993D-4E2A-8BC9-3B1FBA361F16}.Release|ARM.Deploy.0 = Release|ARM
		{B8614806-993D-4E2A-8BC9-3B1FBA361F16}.Release|iPhone.ActiveCfg = Release|x86
		{B8614806-993D-4E2A-8BC9-3B1FBA361F16}.Release|iPhone.Build.0 = Release|x86
		{B8614806-993D-4E2A-8BC9-3B1FBA361F16}.Release|iPhone.Deploy.0 = Release|x86
		{B8614806-993D-4E2A-8BC9-3B1FBA361F16}.Release|iPhoneSimulator.ActiveCfg = Release|x86
		{B8614806-993D-4E2A-8BC9-3B1FBA361F16}.Release|iPhoneSimulator.Build.0 = Release|x86
		{B8614806-993D-4E2A-8BC9-3B1FBA361F16}.Release|iPhoneSimulator.Deploy.0 = Release|x86
		{B8614806-993D-4E2A-8BC9-3B1FBA361F16}.Release|x64.ActiveCfg = Release|x64
		{B8614806-993D-4E2A-8BC9-3B1FBA361F16}.Release|x64.Build.0 = Release|x64
		{B8614806-993D-4E2A-8BC9-3B1FBA361F16}.Release|x64.Deploy.0 = Release|x64
		{B8614806-993D-4E2A-8BC9-3B1FBA361F16}.Release|x86.ActiveCfg = Release|x86
		{B8614806-993D-4E2A-8BC9-3B1FBA361F16}.Release|x86.Build.0 = Release|x86
		{B8614806-993D-4E2A-8BC9-3B1FBA361F16}.Release|x86.Deploy.0 = Release|x86
		{A76F6AB3-4494-4DAB-8006-1391CF41C93F}.Debug|Any CPU.ActiveCfg = Debug|Any CPU
		{A76F6AB3-4494-4DAB-8006-1391CF41C93F}.Debug|Any CPU.Build.0 = Debug|Any CPU
		{A76F6AB3-4494-4DAB-8006-1391CF41C93F}.Debug|Any CPU.Deploy.0 = Debug|Any CPU
		{A76F6AB3-4494-4DAB-8006-1391CF41C93F}.Debug|ARM.ActiveCfg = Debug|Any CPU
		{A76F6AB3-4494-4DAB-8006-1391CF41C93F}.Debug|ARM.Build.0 = Debug|Any CPU
		{A76F6AB3-4494-4DAB-8006-1391CF41C93F}.Debug|ARM.Deploy.0 = Debug|Any CPU
		{A76F6AB3-4494-4DAB-8006-1391CF41C93F}.Debug|iPhone.ActiveCfg = Debug|Any CPU
		{A76F6AB3-4494-4DAB-8006-1391CF41C93F}.Debug|iPhone.Build.0 = Debug|Any CPU
		{A76F6AB3-4494-4DAB-8006-1391CF41C93F}.Debug|iPhone.Deploy.0 = Debug|Any CPU
		{A76F6AB3-4494-4DAB-8006-1391CF41C93F}.Debug|iPhoneSimulator.ActiveCfg = Debug|Any CPU
		{A76F6AB3-4494-4DAB-8006-1391CF41C93F}.Debug|iPhoneSimulator.Build.0 = Debug|Any CPU
		{A76F6AB3-4494-4DAB-8006-1391CF41C93F}.Debug|iPhoneSimulator.Deploy.0 = Debug|Any CPU
		{A76F6AB3-4494-4DAB-8006-1391CF41C93F}.Debug|x64.ActiveCfg = Debug|Any CPU
		{A76F6AB3-4494-4DAB-8006-1391CF41C93F}.Debug|x64.Build.0 = Debug|Any CPU
		{A76F6AB3-4494-4DAB-8006-1391CF41C93F}.Debug|x64.Deploy.0 = Debug|Any CPU
		{A76F6AB3-4494-4DAB-8006-1391CF41C93F}.Debug|x86.ActiveCfg = Debug|Any CPU
		{A76F6AB3-4494-4DAB-8006-1391CF41C93F}.Debug|x86.Build.0 = Debug|Any CPU
		{A76F6AB3-4494-4DAB-8006-1391CF41C93F}.Debug|x86.Deploy.0 = Debug|Any CPU
		{A76F6AB3-4494-4DAB-8006-1391CF41C93F}.Release|Any CPU.ActiveCfg = Release|Any CPU
		{A76F6AB3-4494-4DAB-8006-1391CF41C93F}.Release|Any CPU.Build.0 = Release|Any CPU
		{A76F6AB3-4494-4DAB-8006-1391CF41C93F}.Release|Any CPU.Deploy.0 = Release|Any CPU
		{A76F6AB3-4494-4DAB-8006-1391CF41C93F}.Release|ARM.ActiveCfg = Release|Any CPU
		{A76F6AB3-4494-4DAB-8006-1391CF41C93F}.Release|ARM.Build.0 = Release|Any CPU
		{A76F6AB3-4494-4DAB-8006-1391CF41C93F}.Release|ARM.Deploy.0 = Release|Any CPU
		{A76F6AB3-4494-4DAB-8006-1391CF41C93F}.Release|iPhone.ActiveCfg = Release|Any CPU
		{A76F6AB3-4494-4DAB-8006-1391CF41C93F}.Release|iPhone.Build.0 = Release|Any CPU
		{A76F6AB3-4494-4DAB-8006-1391CF41C93F}.Release|iPhone.Deploy.0 = Release|Any CPU
		{A76F6AB3-4494-4DAB-8006-1391CF41C93F}.Release|iPhoneSimulator.ActiveCfg = Release|Any CPU
		{A76F6AB3-4494-4DAB-8006-1391CF41C93F}.Release|iPhoneSimulator.Build.0 = Release|Any CPU
		{A76F6AB3-4494-4DAB-8006-1391CF41C93F}.Release|iPhoneSimulator.Deploy.0 = Release|Any CPU
		{A76F6AB3-4494-4DAB-8006-1391CF41C93F}.Release|x64.ActiveCfg = Release|Any CPU
		{A76F6AB3-4494-4DAB-8006-1391CF41C93F}.Release|x64.Build.0 = Release|Any CPU
		{A76F6AB3-4494-4DAB-8006-1391CF41C93F}.Release|x64.Deploy.0 = Release|Any CPU
		{A76F6AB3-4494-4DAB-8006-1391CF41C93F}.Release|x86.ActiveCfg = Release|Any CPU
		{A76F6AB3-4494-4DAB-8006-1391CF41C93F}.Release|x86.Build.0 = Release|Any CPU
		{A76F6AB3-4494-4DAB-8006-1391CF41C93F}.Release|x86.Deploy.0 = Release|Any CPU
		{8F8FD9D5-4CFE-4C0D-BFA5-2F5BEE5235DF}.Debug|Any CPU.ActiveCfg = Debug|iPhoneSimulator
		{8F8FD9D5-4CFE-4C0D-BFA5-2F5BEE5235DF}.Debug|Any CPU.Build.0 = Debug|iPhoneSimulator
		{8F8FD9D5-4CFE-4C0D-BFA5-2F5BEE5235DF}.Debug|Any CPU.Deploy.0 = Debug|iPhoneSimulator
		{8F8FD9D5-4CFE-4C0D-BFA5-2F5BEE5235DF}.Debug|ARM.ActiveCfg = Debug|iPhone
		{8F8FD9D5-4CFE-4C0D-BFA5-2F5BEE5235DF}.Debug|ARM.Build.0 = Debug|iPhone
		{8F8FD9D5-4CFE-4C0D-BFA5-2F5BEE5235DF}.Debug|ARM.Deploy.0 = Debug|iPhone
		{8F8FD9D5-4CFE-4C0D-BFA5-2F5BEE5235DF}.Debug|iPhone.ActiveCfg = Debug|iPhone
		{8F8FD9D5-4CFE-4C0D-BFA5-2F5BEE5235DF}.Debug|iPhone.Build.0 = Debug|iPhone
		{8F8FD9D5-4CFE-4C0D-BFA5-2F5BEE5235DF}.Debug|iPhone.Deploy.0 = Debug|iPhone
		{8F8FD9D5-4CFE-4C0D-BFA5-2F5BEE5235DF}.Debug|iPhoneSimulator.ActiveCfg = Debug|iPhoneSimulator
		{8F8FD9D5-4CFE-4C0D-BFA5-2F5BEE5235DF}.Debug|iPhoneSimulator.Build.0 = Debug|iPhoneSimulator
		{8F8FD9D5-4CFE-4C0D-BFA5-2F5BEE5235DF}.Debug|iPhoneSimulator.Deploy.0 = Debug|iPhoneSimulator
		{8F8FD9D5-4CFE-4C0D-BFA5-2F5BEE5235DF}.Debug|x64.ActiveCfg = Debug|iPhoneSimulator
		{8F8FD9D5-4CFE-4C0D-BFA5-2F5BEE5235DF}.Debug|x64.Build.0 = Debug|iPhoneSimulator
		{8F8FD9D5-4CFE-4C0D-BFA5-2F5BEE5235DF}.Debug|x64.Deploy.0 = Debug|iPhoneSimulator
		{8F8FD9D5-4CFE-4C0D-BFA5-2F5BEE5235DF}.Debug|x86.ActiveCfg = Debug|iPhoneSimulator
		{8F8FD9D5-4CFE-4C0D-BFA5-2F5BEE5235DF}.Debug|x86.Build.0 = Debug|iPhoneSimulator
		{8F8FD9D5-4CFE-4C0D-BFA5-2F5BEE5235DF}.Debug|x86.Deploy.0 = Debug|iPhoneSimulator
		{8F8FD9D5-4CFE-4C0D-BFA5-2F5BEE5235DF}.Release|Any CPU.ActiveCfg = Release|iPhoneSimulator
		{8F8FD9D5-4CFE-4C0D-BFA5-2F5BEE5235DF}.Release|Any CPU.Build.0 = Release|iPhoneSimulator
		{8F8FD9D5-4CFE-4C0D-BFA5-2F5BEE5235DF}.Release|Any CPU.Deploy.0 = Release|iPhoneSimulator
		{8F8FD9D5-4CFE-4C0D-BFA5-2F5BEE5235DF}.Release|ARM.ActiveCfg = Release|iPhoneSimulator
		{8F8FD9D5-4CFE-4C0D-BFA5-2F5BEE5235DF}.Release|ARM.Build.0 = Release|iPhoneSimulator
		{8F8FD9D5-4CFE-4C0D-BFA5-2F5BEE5235DF}.Release|ARM.Deploy.0 = Release|iPhoneSimulator
		{8F8FD9D5-4CFE-4C0D-BFA5-2F5BEE5235DF}.Release|iPhone.ActiveCfg = Release|iPhone
		{8F8FD9D5-4CFE-4C0D-BFA5-2F5BEE5235DF}.Release|iPhone.Build.0 = Release|iPhone
		{8F8FD9D5-4CFE-4C0D-BFA5-2F5BEE5235DF}.Release|iPhone.Deploy.0 = Release|iPhone
		{8F8FD9D5-4CFE-4C0D-BFA5-2F5BEE5235DF}.Release|iPhoneSimulator.ActiveCfg = Release|iPhoneSimulator
		{8F8FD9D5-4CFE-4C0D-BFA5-2F5BEE5235DF}.Release|iPhoneSimulator.Build.0 = Release|iPhoneSimulator
		{8F8FD9D5-4CFE-4C0D-BFA5-2F5BEE5235DF}.Release|iPhoneSimulator.Deploy.0 = Release|iPhoneSimulator
		{8F8FD9D5-4CFE-4C0D-BFA5-2F5BEE5235DF}.Release|x64.ActiveCfg = Release|iPhoneSimulator
		{8F8FD9D5-4CFE-4C0D-BFA5-2F5BEE5235DF}.Release|x64.Build.0 = Release|iPhoneSimulator
		{8F8FD9D5-4CFE-4C0D-BFA5-2F5BEE5235DF}.Release|x64.Deploy.0 = Release|iPhoneSimulator
		{8F8FD9D5-4CFE-4C0D-BFA5-2F5BEE5235DF}.Release|x86.ActiveCfg = Release|iPhoneSimulator
		{8F8FD9D5-4CFE-4C0D-BFA5-2F5BEE5235DF}.Release|x86.Build.0 = Release|iPhoneSimulator
		{8F8FD9D5-4CFE-4C0D-BFA5-2F5BEE5235DF}.Release|x86.Deploy.0 = Release|iPhoneSimulator
		{CA45E19C-BE29-44CD-95C3-48EACDEC3056}.Debug|Any CPU.ActiveCfg = Debug|Any CPU
		{CA45E19C-BE29-44CD-95C3-48EACDEC3056}.Debug|Any CPU.Build.0 = Debug|Any CPU
		{CA45E19C-BE29-44CD-95C3-48EACDEC3056}.Debug|Any CPU.Deploy.0 = Debug|Any CPU
		{CA45E19C-BE29-44CD-95C3-48EACDEC3056}.Debug|ARM.ActiveCfg = Debug|Any CPU
		{CA45E19C-BE29-44CD-95C3-48EACDEC3056}.Debug|ARM.Build.0 = Debug|Any CPU
		{CA45E19C-BE29-44CD-95C3-48EACDEC3056}.Debug|ARM.Deploy.0 = Debug|Any CPU
		{CA45E19C-BE29-44CD-95C3-48EACDEC3056}.Debug|iPhone.ActiveCfg = Debug|Any CPU
		{CA45E19C-BE29-44CD-95C3-48EACDEC3056}.Debug|iPhone.Build.0 = Debug|Any CPU
		{CA45E19C-BE29-44CD-95C3-48EACDEC3056}.Debug|iPhone.Deploy.0 = Debug|Any CPU
		{CA45E19C-BE29-44CD-95C3-48EACDEC3056}.Debug|iPhoneSimulator.ActiveCfg = Debug|Any CPU
		{CA45E19C-BE29-44CD-95C3-48EACDEC3056}.Debug|iPhoneSimulator.Build.0 = Debug|Any CPU
		{CA45E19C-BE29-44CD-95C3-48EACDEC3056}.Debug|iPhoneSimulator.Deploy.0 = Debug|Any CPU
		{CA45E19C-BE29-44CD-95C3-48EACDEC3056}.Debug|x64.ActiveCfg = Debug|Any CPU
		{CA45E19C-BE29-44CD-95C3-48EACDEC3056}.Debug|x64.Build.0 = Debug|Any CPU
		{CA45E19C-BE29-44CD-95C3-48EACDEC3056}.Debug|x64.Deploy.0 = Debug|Any CPU
		{CA45E19C-BE29-44CD-95C3-48EACDEC3056}.Debug|x86.ActiveCfg = Debug|Any CPU
		{CA45E19C-BE29-44CD-95C3-48EACDEC3056}.Debug|x86.Build.0 = Debug|Any CPU
		{CA45E19C-BE29-44CD-95C3-48EACDEC3056}.Debug|x86.Deploy.0 = Debug|Any CPU
		{CA45E19C-BE29-44CD-95C3-48EACDEC3056}.Release|Any CPU.ActiveCfg = Release|Any CPU
		{CA45E19C-BE29-44CD-95C3-48EACDEC3056}.Release|Any CPU.Build.0 = Release|Any CPU
		{CA45E19C-BE29-44CD-95C3-48EACDEC3056}.Release|Any CPU.Deploy.0 = Release|Any CPU
		{CA45E19C-BE29-44CD-95C3-48EACDEC3056}.Release|ARM.ActiveCfg = Release|Any CPU
		{CA45E19C-BE29-44CD-95C3-48EACDEC3056}.Release|ARM.Build.0 = Release|Any CPU
		{CA45E19C-BE29-44CD-95C3-48EACDEC3056}.Release|ARM.Deploy.0 = Release|Any CPU
		{CA45E19C-BE29-44CD-95C3-48EACDEC3056}.Release|iPhone.ActiveCfg = Release|Any CPU
		{CA45E19C-BE29-44CD-95C3-48EACDEC3056}.Release|iPhone.Build.0 = Release|Any CPU
		{CA45E19C-BE29-44CD-95C3-48EACDEC3056}.Release|iPhone.Deploy.0 = Release|Any CPU
		{CA45E19C-BE29-44CD-95C3-48EACDEC3056}.Release|iPhoneSimulator.ActiveCfg = Release|Any CPU
		{CA45E19C-BE29-44CD-95C3-48EACDEC3056}.Release|iPhoneSimulator.Build.0 = Release|Any CPU
		{CA45E19C-BE29-44CD-95C3-48EACDEC3056}.Release|iPhoneSimulator.Deploy.0 = Release|Any CPU
		{CA45E19C-BE29-44CD-95C3-48EACDEC3056}.Release|x64.ActiveCfg = Release|Any CPU
		{CA45E19C-BE29-44CD-95C3-48EACDEC3056}.Release|x64.Build.0 = Release|Any CPU
		{CA45E19C-BE29-44CD-95C3-48EACDEC3056}.Release|x64.Deploy.0 = Release|Any CPU
		{CA45E19C-BE29-44CD-95C3-48EACDEC3056}.Release|x86.ActiveCfg = Release|Any CPU
		{CA45E19C-BE29-44CD-95C3-48EACDEC3056}.Release|x86.Build.0 = Release|Any CPU
		{CA45E19C-BE29-44CD-95C3-48EACDEC3056}.Release|x86.Deploy.0 = Release|Any CPU
	EndGlobalSection
	GlobalSection(SolutionProperties) = preSolution
		HideSolutionNode = FALSE
	EndGlobalSection
	GlobalSection(ExtensibilityGlobals) = postSolution
		SolutionGuid = {E33BD129-65F9-43EF-B83B-127CE8989F22}
	EndGlobalSection
EndGlobal
